
Microsoft Visual Studio Solution File, Format Version 12.00
# Visual Studio Version 16
VisualStudioVersion = 16.0.32802.440
MinimumVisualStudioVersion = 10.0.40219.1
Project("{FAE04EC0-301F-11D3-BF4B-00C04F79EFBC}") = "Pension Contribution Calculator", "Pension Contribution Calculator\Pension Contribution Calculator.csproj", "{2C5B919D-3462-454C-853A-F1B8732A296A}"
EndProject
Global
	GlobalSection(SolutionConfigurationPlatforms) = preSolution
		Debug|Any CPU = Debug|Any CPU
		Release|Any CPU = Release|Any CPU
	EndGlobalSection
	GlobalSection(ProjectConfigurationPlatforms) = postSolution
		{2C5B919D-3462-454C-853A-F1B8732A296A}.Debug|Any CPU.ActiveCfg = Debug|Any CPU
		{2C5B919D-3462-454C-853A-F1B8732A296A}.Debug|Any CPU.Build.0 = Debug|Any CPU
		{2C5B919D-3462-454C-853A-F1B8732A296A}.Release|Any CPU.ActiveCfg = Release|Any CPU
		{2C5B919D-3462-454C-853A-F1B8732A296A}.Release|Any CPU.Build.0 = Release|Any CPU
	EndGlobalSection
	GlobalSection(SolutionProperties) = preSolution
		HideSolutionNode = FALSE
	EndGlobalSection
	GlobalSection(ExtensibilityGlobals) = postSolution
		SolutionGuid = {1B7A970D-73AD-4883-9132-D9A9DE21534F}
	EndGlobalSection
EndGlobal
